// !$*UTF8*$!
{
	archiveVersion = 1;
	classes = {
	};
	objectVersion = 56;
	objects = {

/* Begin PBXBuildFile section */
		2515966B291D722200F48DB5 /* Gender.swift in Sources */ = {isa = PBXBuildFile; fileRef = 2515966A291D722200F48DB5 /* Gender.swift */; };
		251BC0AA2926308900246894 /* WithdrawViewController.swift in Sources */ = {isa = PBXBuildFile; fileRef = 251BC0A92926308900246894 /* WithdrawViewController.swift */; };
		251BC0AC2926318000246894 /* WithdrawCheckView.swift in Sources */ = {isa = PBXBuildFile; fileRef = 251BC0AB2926318000246894 /* WithdrawCheckView.swift */; };
		25230AF9291FB01900525531 /* HomeViewController.swift in Sources */ = {isa = PBXBuildFile; fileRef = 25230AF8291FB01900525531 /* HomeViewController.swift */; };
		25230AFC291FB0CD00525531 /* ShopViewController.swift in Sources */ = {isa = PBXBuildFile; fileRef = 25230AFB291FB0CD00525531 /* ShopViewController.swift */; };
		25230AFF291FB10100525531 /* FriendViewController.swift in Sources */ = {isa = PBXBuildFile; fileRef = 25230AFE291FB10100525531 /* FriendViewController.swift */; };
		25230B02291FB17100525531 /* InfoViewController.swift in Sources */ = {isa = PBXBuildFile; fileRef = 25230B01291FB17100525531 /* InfoViewController.swift */; };
		254627D2291A2EFF004D4B72 /* String+PhoneNumber.swift in Sources */ = {isa = PBXBuildFile; fileRef = 254627D1291A2EFF004D4B72 /* String+PhoneNumber.swift */; };
		254627D7291A3B97004D4B72 /* AuthView.swift in Sources */ = {isa = PBXBuildFile; fileRef = 254627D6291A3B97004D4B72 /* AuthView.swift */; };
		254627D9291A3BA7004D4B72 /* AuthViewController.swift in Sources */ = {isa = PBXBuildFile; fileRef = 254627D8291A3BA7004D4B72 /* AuthViewController.swift */; };
		254627DB291A3BB3004D4B72 /* AuthViewModel.swift in Sources */ = {isa = PBXBuildFile; fileRef = 254627DA291A3BB3004D4B72 /* AuthViewModel.swift */; };
		254627DE291A3C1A004D4B72 /* LoginView.swift in Sources */ = {isa = PBXBuildFile; fileRef = 254627DD291A3C1A004D4B72 /* LoginView.swift */; };
		254627EB291A8E47004D4B72 /* FirebaseAnalyticsWithoutAdIdSupport in Frameworks */ = {isa = PBXBuildFile; productRef = 254627EA291A8E47004D4B72 /* FirebaseAnalyticsWithoutAdIdSupport */; };
		254627ED291A8E47004D4B72 /* FirebaseAuth in Frameworks */ = {isa = PBXBuildFile; productRef = 254627EC291A8E47004D4B72 /* FirebaseAuth */; };
		254627EF291A8E47004D4B72 /* FirebaseDatabase in Frameworks */ = {isa = PBXBuildFile; productRef = 254627EE291A8E47004D4B72 /* FirebaseDatabase */; };
		254627F1291A8E47004D4B72 /* FirebaseMessaging in Frameworks */ = {isa = PBXBuildFile; productRef = 254627F0291A8E47004D4B72 /* FirebaseMessaging */; };
		255A378B291AAF9A00737C3A /* Toast in Frameworks */ = {isa = PBXBuildFile; productRef = 255A378A291AAF9A00737C3A /* Toast */; };
		255A378E291AB47300737C3A /* DefaultFirebaseAPIService.swift in Sources */ = {isa = PBXBuildFile; fileRef = 255A378D291AB47300737C3A /* DefaultFirebaseAPIService.swift */; };
		255A3791291AB52F00737C3A /* FirebaseError.swift in Sources */ = {isa = PBXBuildFile; fileRef = 255A3790291AB52F00737C3A /* FirebaseError.swift */; };
		255A3797291BACAF00737C3A /* DefaultSeSACAPIService.swift in Sources */ = {isa = PBXBuildFile; fileRef = 255A3796291BACAF00737C3A /* DefaultSeSACAPIService.swift */; };
		255A379B291BAE5300737C3A /* FirebaseAPIService.swift in Sources */ = {isa = PBXBuildFile; fileRef = 255A379A291BAE5300737C3A /* FirebaseAPIService.swift */; };
		255A379D291BAEF500737C3A /* SeSACAPIService.swift in Sources */ = {isa = PBXBuildFile; fileRef = 255A379C291BAEF500737C3A /* SeSACAPIService.swift */; };
		255A37A3291BB01400737C3A /* NicknameView.swift in Sources */ = {isa = PBXBuildFile; fileRef = 255A37A2291BB01400737C3A /* NicknameView.swift */; };
		255A37A5291BE27000737C3A /* SeSACError.swift in Sources */ = {isa = PBXBuildFile; fileRef = 255A37A4291BE27000737C3A /* SeSACError.swift */; };
		255A37A7291BE54100737C3A /* GoogleService-Info.plist in Resources */ = {isa = PBXBuildFile; fileRef = 255A37A6291BE54100737C3A /* GoogleService-Info.plist */; };
		255A37AA291BF41100737C3A /* UserDataDTO.swift in Sources */ = {isa = PBXBuildFile; fileRef = 255A37A9291BF41100737C3A /* UserDataDTO.swift */; };
		255A37AD291BF5BD00737C3A /* SeSACAPIRouter.swift in Sources */ = {isa = PBXBuildFile; fileRef = 255A37AC291BF5BD00737C3A /* SeSACAPIRouter.swift */; };
		255A37AF291BF5E900737C3A /* BaseURL.swift in Sources */ = {isa = PBXBuildFile; fileRef = 255A37AE291BF5E900737C3A /* BaseURL.swift */; };
		255A37B2291C1B3800737C3A /* NicknameViewModel.swift in Sources */ = {isa = PBXBuildFile; fileRef = 255A37B1291C1B3800737C3A /* NicknameViewModel.swift */; };
		255A37B4291C1B4700737C3A /* NicknameViewController.swift in Sources */ = {isa = PBXBuildFile; fileRef = 255A37B3291C1B4700737C3A /* NicknameViewController.swift */; };
		255A37B6291C21CD00737C3A /* ToastMessage.swift in Sources */ = {isa = PBXBuildFile; fileRef = 255A37B5291C21CD00737C3A /* ToastMessage.swift */; };
		255A37B9291C28EC00737C3A /* PropertyWapper.swift in Sources */ = {isa = PBXBuildFile; fileRef = 255A37B8291C28EC00737C3A /* PropertyWapper.swift */; };
		255A37BD291C31CC00737C3A /* EmailView.swift in Sources */ = {isa = PBXBuildFile; fileRef = 255A37BC291C31CC00737C3A /* EmailView.swift */; };
		255A37BF291C31DE00737C3A /* EmailViewController.swift in Sources */ = {isa = PBXBuildFile; fileRef = 255A37BE291C31DE00737C3A /* EmailViewController.swift */; };
		255A37C1291C31E700737C3A /* EmailViewModel.swift in Sources */ = {isa = PBXBuildFile; fileRef = 255A37C0291C31E700737C3A /* EmailViewModel.swift */; };
		255A37C5291C32BC00737C3A /* BirthView.swift in Sources */ = {isa = PBXBuildFile; fileRef = 255A37C4291C32BC00737C3A /* BirthView.swift */; };
		255A37C7291C32CC00737C3A /* BirthViewController.swift in Sources */ = {isa = PBXBuildFile; fileRef = 255A37C6291C32CC00737C3A /* BirthViewController.swift */; };
		255A37C9291C330500737C3A /* BirthViewModel.swift in Sources */ = {isa = PBXBuildFile; fileRef = 255A37C8291C330500737C3A /* BirthViewModel.swift */; };
		257E263D2923AB2C0039B0A0 /* DetailInfoViewModel.swift in Sources */ = {isa = PBXBuildFile; fileRef = 257E263C2923AB2C0039B0A0 /* DetailInfoViewModel.swift */; };
		257E26402923C9E50039B0A0 /* SeSACInfo.swift in Sources */ = {isa = PBXBuildFile; fileRef = 257E263F2923C9E50039B0A0 /* SeSACInfo.swift */; };
		257E2643292401AF0039B0A0 /* MultiSlider in Frameworks */ = {isa = PBXBuildFile; productRef = 257E2642292401AF0039B0A0 /* MultiSlider */; };
		257E264529240EC00039B0A0 /* ProfileImageHeaderView.swift in Sources */ = {isa = PBXBuildFile; fileRef = 257E264429240EC00039B0A0 /* ProfileImageHeaderView.swift */; };
		258B1E0829210BEE00C78A67 /* InfoModel.swift in Sources */ = {isa = PBXBuildFile; fileRef = 258B1E0729210BEE00C78A67 /* InfoModel.swift */; };
		258B1E0B29210CBF00C78A67 /* ReuseableViewProtocol.swift in Sources */ = {isa = PBXBuildFile; fileRef = 258B1E0A29210CBF00C78A67 /* ReuseableViewProtocol.swift */; };
		258B1E0D29210CF800C78A67 /* InfoTableViewCell.swift in Sources */ = {isa = PBXBuildFile; fileRef = 258B1E0C29210CF800C78A67 /* InfoTableViewCell.swift */; };
		25D1EDE629227F2D0015C444 /* DetailInfoViewController.swift in Sources */ = {isa = PBXBuildFile; fileRef = 25D1EDE529227F2D0015C444 /* DetailInfoViewController.swift */; };
		25D1EDEC29228D0A0015C444 /* SesacDetailTableViewCell.swift in Sources */ = {isa = PBXBuildFile; fileRef = 25D1EDEB29228D0A0015C444 /* SesacDetailTableViewCell.swift */; };
		25D1EDEE29228ECC0015C444 /* GenderCustomView.swift in Sources */ = {isa = PBXBuildFile; fileRef = 25D1EDED29228ECC0015C444 /* GenderCustomView.swift */; };
		25D1EDF129228F730015C444 /* InfoButton.swift in Sources */ = {isa = PBXBuildFile; fileRef = 25D1EDF029228F730015C444 /* InfoButton.swift */; };
		25D1EDF329228FB50015C444 /* InfoButtonStatus.swift in Sources */ = {isa = PBXBuildFile; fileRef = 25D1EDF229228FB50015C444 /* InfoButtonStatus.swift */; };
		25D1EDF52922925A0015C444 /* StudyInputView.swift in Sources */ = {isa = PBXBuildFile; fileRef = 25D1EDF42922925A0015C444 /* StudyInputView.swift */; };
		25D1EDF7292294A40015C444 /* PhoneSearchView.swift in Sources */ = {isa = PBXBuildFile; fileRef = 25D1EDF6292294A40015C444 /* PhoneSearchView.swift */; };
		25D1EDF92922960F0015C444 /* FriendAgeView.swift in Sources */ = {isa = PBXBuildFile; fileRef = 25D1EDF82922960F0015C444 /* FriendAgeView.swift */; };
		25D1EDFB2922983C0015C444 /* WithdrawView.swift in Sources */ = {isa = PBXBuildFile; fileRef = 25D1EDFA2922983C0015C444 /* WithdrawView.swift */; };
		25D1EDFE29229BB70015C444 /* InfoDetailTableViewCell.swift in Sources */ = {isa = PBXBuildFile; fileRef = 25D1EDFD29229BB60015C444 /* InfoDetailTableViewCell.swift */; };
		25D8C391291CAB2F00FB52DF /* BirthItemView.swift in Sources */ = {isa = PBXBuildFile; fileRef = 25D8C390291CAB2F00FB52DF /* BirthItemView.swift */; };
		25D8C394291D263E00FB52DF /* Date+Formatter.swift in Sources */ = {isa = PBXBuildFile; fileRef = 25D8C393291D263E00FB52DF /* Date+Formatter.swift */; };
		25D8C399291D2B5600FB52DF /* GenderView.swift in Sources */ = {isa = PBXBuildFile; fileRef = 25D8C398291D2B5600FB52DF /* GenderView.swift */; };
		25D8C39B291D2B6200FB52DF /* GenderViewController.swift in Sources */ = {isa = PBXBuildFile; fileRef = 25D8C39A291D2B6200FB52DF /* GenderViewController.swift */; };
		25D8C39D291D2B8800FB52DF /* GenderViewModel.swift in Sources */ = {isa = PBXBuildFile; fileRef = 25D8C39C291D2B8800FB52DF /* GenderViewModel.swift */; };
		25D8C3A0291D36E100FB52DF /* GenderItemView.swift in Sources */ = {isa = PBXBuildFile; fileRef = 25D8C39F291D36E100FB52DF /* GenderItemView.swift */; };
		25D8C3A3291D4C6F00FB52DF /* RxDataSources in Frameworks */ = {isa = PBXBuildFile; productRef = 25D8C3A2291D4C6F00FB52DF /* RxDataSources */; };
		25ED4A822922AA3D00C4A6EB /* DetailInfoModel.swift in Sources */ = {isa = PBXBuildFile; fileRef = 25ED4A812922AA3D00C4A6EB /* DetailInfoModel.swift */; };
		25ED4A842922BD7D00C4A6EB /* SesacTitleView.swift in Sources */ = {isa = PBXBuildFile; fileRef = 25ED4A832922BD7D00C4A6EB /* SesacTitleView.swift */; };
		25ED4A882922CF8400C4A6EB /* SesacReviewView.swift in Sources */ = {isa = PBXBuildFile; fileRef = 25ED4A872922CF8400C4A6EB /* SesacReviewView.swift */; };
		25F11E8F291DEFDF004AC54A /* SplashViewController.swift in Sources */ = {isa = PBXBuildFile; fileRef = 25F11E8E291DEFDF004AC54A /* SplashViewController.swift */; };
		25F11E92291E43A6004AC54A /* TabViewController.swift in Sources */ = {isa = PBXBuildFile; fileRef = 25F11E91291E43A6004AC54A /* TabViewController.swift */; };
		25F11E95291F80AE004AC54A /* NetworkCheck.swift in Sources */ = {isa = PBXBuildFile; fileRef = 25F11E94291F80AE004AC54A /* NetworkCheck.swift */; };
		25F7FDE2291931E100E0C486 /* AppDelegate.swift in Sources */ = {isa = PBXBuildFile; fileRef = 25F7FDE1291931E100E0C486 /* AppDelegate.swift */; };
		25F7FDE4291931E100E0C486 /* SceneDelegate.swift in Sources */ = {isa = PBXBuildFile; fileRef = 25F7FDE3291931E100E0C486 /* SceneDelegate.swift */; };
		25F7FDE9291931E100E0C486 /* Main.storyboard in Resources */ = {isa = PBXBuildFile; fileRef = 25F7FDE7291931E100E0C486 /* Main.storyboard */; };
		25F7FDEB291931E400E0C486 /* Assets.xcassets in Resources */ = {isa = PBXBuildFile; fileRef = 25F7FDEA291931E400E0C486 /* Assets.xcassets */; };
		25F7FDEE291931E400E0C486 /* LaunchScreen.storyboard in Resources */ = {isa = PBXBuildFile; fileRef = 25F7FDEC291931E400E0C486 /* LaunchScreen.storyboard */; };
		25F7FE0129193B3400E0C486 /* OnboardingViewController.swift in Sources */ = {isa = PBXBuildFile; fileRef = 25F7FE0029193B3400E0C486 /* OnboardingViewController.swift */; };
		25F7FE0529193B7500E0C486 /* BaseViewController.swift in Sources */ = {isa = PBXBuildFile; fileRef = 25F7FE0429193B7500E0C486 /* BaseViewController.swift */; };
		25F7FE0729193C1500E0C486 /* .gitignore in Resources */ = {isa = PBXBuildFile; fileRef = 25F7FE0629193C1500E0C486 /* .gitignore */; };
		25F7FE0929193C6300E0C486 /* APIKey.swift in Sources */ = {isa = PBXBuildFile; fileRef = 25F7FE0829193C6300E0C486 /* APIKey.swift */; };
		25F7FE0E29193DA900E0C486 /* Alamofire in Frameworks */ = {isa = PBXBuildFile; productRef = 25F7FE0D29193DA900E0C486 /* Alamofire */; };
		25F7FE1129193DC100E0C486 /* RxCocoa in Frameworks */ = {isa = PBXBuildFile; productRef = 25F7FE1029193DC100E0C486 /* RxCocoa */; };
		25F7FE1329193DC100E0C486 /* RxRelay in Frameworks */ = {isa = PBXBuildFile; productRef = 25F7FE1229193DC100E0C486 /* RxRelay */; };
		25F7FE1529193DC100E0C486 /* RxSwift in Frameworks */ = {isa = PBXBuildFile; productRef = 25F7FE1429193DC100E0C486 /* RxSwift */; };
		25F7FE1829193DD000E0C486 /* SnapKit in Frameworks */ = {isa = PBXBuildFile; productRef = 25F7FE1729193DD000E0C486 /* SnapKit */; };
		25F7FE1B29193DDC00E0C486 /* Then in Frameworks */ = {isa = PBXBuildFile; productRef = 25F7FE1A29193DDC00E0C486 /* Then */; };
		25F7FE1D29193E7600E0C486 /* ViewModelType.swift in Sources */ = {isa = PBXBuildFile; fileRef = 25F7FE1C29193E7600E0C486 /* ViewModelType.swift */; };
		25F7FE2029193EC400E0C486 /* Alertable.swift in Sources */ = {isa = PBXBuildFile; fileRef = 25F7FE1F29193EC400E0C486 /* Alertable.swift */; };
		25F7FE2329193F0A00E0C486 /* BaseView.swift in Sources */ = {isa = PBXBuildFile; fileRef = 25F7FE2229193F0A00E0C486 /* BaseView.swift */; };
		25F7FE262919403C00E0C486 /* BaseViewController+.swift in Sources */ = {isa = PBXBuildFile; fileRef = 25F7FE252919403C00E0C486 /* BaseViewController+.swift */; };
		25F7FE352919416500E0C486 /* NotoSansKR-Medium.otf in Resources */ = {isa = PBXBuildFile; fileRef = 25F7FE2E2919416500E0C486 /* NotoSansKR-Medium.otf */; };
		25F7FE362919416500E0C486 /* NotoSansKR-Regular.otf in Resources */ = {isa = PBXBuildFile; fileRef = 25F7FE2F2919416500E0C486 /* NotoSansKR-Regular.otf */; };
		25F7FE392919465500E0C486 /* UIFont+CustomFont.swift in Sources */ = {isa = PBXBuildFile; fileRef = 25F7FE382919465500E0C486 /* UIFont+CustomFont.swift */; };
		25F7FE3B291946E900E0C486 /* UIColor+CustomColor.swift in Sources */ = {isa = PBXBuildFile; fileRef = 25F7FE3A291946E900E0C486 /* UIColor+CustomColor.swift */; };
		25F7FE3D291950AD00E0C486 /* PageView.swift in Sources */ = {isa = PBXBuildFile; fileRef = 25F7FE3C291950AD00E0C486 /* PageView.swift */; };
		25F7FE412919566700E0C486 /* NextButtonStatus.swift in Sources */ = {isa = PBXBuildFile; fileRef = 25F7FE402919566700E0C486 /* NextButtonStatus.swift */; };
		25F7FE43291957FB00E0C486 /* UILabel+AttributedString.swift in Sources */ = {isa = PBXBuildFile; fileRef = 25F7FE42291957FB00E0C486 /* UILabel+AttributedString.swift */; };
		25F7FE452919682700E0C486 /* FirstViewController.swift in Sources */ = {isa = PBXBuildFile; fileRef = 25F7FE442919682700E0C486 /* FirstViewController.swift */; };
		25F7FE472919695E00E0C486 /* SecondViewController.swift in Sources */ = {isa = PBXBuildFile; fileRef = 25F7FE462919695E00E0C486 /* SecondViewController.swift */; };
		25F7FE492919698600E0C486 /* ThirdViewController.swift in Sources */ = {isa = PBXBuildFile; fileRef = 25F7FE482919698600E0C486 /* ThirdViewController.swift */; };
		25F7FE4D291974F000E0C486 /* PhoneView.swift in Sources */ = {isa = PBXBuildFile; fileRef = 25F7FE4C291974F000E0C486 /* PhoneView.swift */; };
		25F7FE502919752B00E0C486 /* PhoneViewController.swift in Sources */ = {isa = PBXBuildFile; fileRef = 25F7FE4F2919752B00E0C486 /* PhoneViewController.swift */; };
		25F7FE532919753F00E0C486 /* PhoneViewModel.swift in Sources */ = {isa = PBXBuildFile; fileRef = 25F7FE522919753F00E0C486 /* PhoneViewModel.swift */; };
		25F7FE55291976CA00E0C486 /* UITextField+AttributedString.swift in Sources */ = {isa = PBXBuildFile; fileRef = 25F7FE54291976CA00E0C486 /* UITextField+AttributedString.swift */; };
		25F7FE572919792000E0C486 /* UITextField+.swift in Sources */ = {isa = PBXBuildFile; fileRef = 25F7FE562919792000E0C486 /* UITextField+.swift */; };
		25F7FE5A291985DB00E0C486 /* NextButton.swift in Sources */ = {isa = PBXBuildFile; fileRef = 25F7FE59291985DB00E0C486 /* NextButton.swift */; };
/* End PBXBuildFile section */

/* Begin PBXFileReference section */
		2515966A291D722200F48DB5 /* Gender.swift */ = {isa = PBXFileReference; lastKnownFileType = sourcecode.swift; path = Gender.swift; sourceTree = "<group>"; };
		251BC0A92926308900246894 /* WithdrawViewController.swift */ = {isa = PBXFileReference; lastKnownFileType = sourcecode.swift; path = WithdrawViewController.swift; sourceTree = "<group>"; };
		251BC0AB2926318000246894 /* WithdrawCheckView.swift */ = {isa = PBXFileReference; lastKnownFileType = sourcecode.swift; path = WithdrawCheckView.swift; sourceTree = "<group>"; };
		25230AF8291FB01900525531 /* HomeViewController.swift */ = {isa = PBXFileReference; lastKnownFileType = sourcecode.swift; path = HomeViewController.swift; sourceTree = "<group>"; };
		25230AFB291FB0CD00525531 /* ShopViewController.swift */ = {isa = PBXFileReference; lastKnownFileType = sourcecode.swift; path = ShopViewController.swift; sourceTree = "<group>"; };
		25230AFE291FB10100525531 /* FriendViewController.swift */ = {isa = PBXFileReference; lastKnownFileType = sourcecode.swift; path = FriendViewController.swift; sourceTree = "<group>"; };
		25230B01291FB17100525531 /* InfoViewController.swift */ = {isa = PBXFileReference; lastKnownFileType = sourcecode.swift; path = InfoViewController.swift; sourceTree = "<group>"; };
		254627D1291A2EFF004D4B72 /* String+PhoneNumber.swift */ = {isa = PBXFileReference; lastKnownFileType = sourcecode.swift; path = "String+PhoneNumber.swift"; sourceTree = "<group>"; };
		254627D6291A3B97004D4B72 /* AuthView.swift */ = {isa = PBXFileReference; lastKnownFileType = sourcecode.swift; path = AuthView.swift; sourceTree = "<group>"; };
		254627D8291A3BA7004D4B72 /* AuthViewController.swift */ = {isa = PBXFileReference; lastKnownFileType = sourcecode.swift; path = AuthViewController.swift; sourceTree = "<group>"; };
		254627DA291A3BB3004D4B72 /* AuthViewModel.swift */ = {isa = PBXFileReference; lastKnownFileType = sourcecode.swift; path = AuthViewModel.swift; sourceTree = "<group>"; };
		254627DD291A3C1A004D4B72 /* LoginView.swift */ = {isa = PBXFileReference; lastKnownFileType = sourcecode.swift; path = LoginView.swift; sourceTree = "<group>"; };
		254627DF291A51F5004D4B72 /* SeSAC_StudyApp.entitlements */ = {isa = PBXFileReference; lastKnownFileType = text.plist.entitlements; path = SeSAC_StudyApp.entitlements; sourceTree = "<group>"; };
		255A378D291AB47300737C3A /* DefaultFirebaseAPIService.swift */ = {isa = PBXFileReference; lastKnownFileType = sourcecode.swift; path = DefaultFirebaseAPIService.swift; sourceTree = "<group>"; };
		255A3790291AB52F00737C3A /* FirebaseError.swift */ = {isa = PBXFileReference; lastKnownFileType = sourcecode.swift; path = FirebaseError.swift; sourceTree = "<group>"; };
		255A3796291BACAF00737C3A /* DefaultSeSACAPIService.swift */ = {isa = PBXFileReference; lastKnownFileType = sourcecode.swift; path = DefaultSeSACAPIService.swift; sourceTree = "<group>"; };
		255A379A291BAE5300737C3A /* FirebaseAPIService.swift */ = {isa = PBXFileReference; lastKnownFileType = sourcecode.swift; path = FirebaseAPIService.swift; sourceTree = "<group>"; };
		255A379C291BAEF500737C3A /* SeSACAPIService.swift */ = {isa = PBXFileReference; lastKnownFileType = sourcecode.swift; path = SeSACAPIService.swift; sourceTree = "<group>"; };
		255A37A2291BB01400737C3A /* NicknameView.swift */ = {isa = PBXFileReference; lastKnownFileType = sourcecode.swift; path = NicknameView.swift; sourceTree = "<group>"; };
		255A37A4291BE27000737C3A /* SeSACError.swift */ = {isa = PBXFileReference; lastKnownFileType = sourcecode.swift; path = SeSACError.swift; sourceTree = "<group>"; };
		255A37A6291BE54100737C3A /* GoogleService-Info.plist */ = {isa = PBXFileReference; fileEncoding = 4; lastKnownFileType = text.plist.xml; path = "GoogleService-Info.plist"; sourceTree = "<group>"; };
		255A37A9291BF41100737C3A /* UserDataDTO.swift */ = {isa = PBXFileReference; lastKnownFileType = sourcecode.swift; path = UserDataDTO.swift; sourceTree = "<group>"; };
		255A37AC291BF5BD00737C3A /* SeSACAPIRouter.swift */ = {isa = PBXFileReference; lastKnownFileType = sourcecode.swift; path = SeSACAPIRouter.swift; sourceTree = "<group>"; };
		255A37AE291BF5E900737C3A /* BaseURL.swift */ = {isa = PBXFileReference; lastKnownFileType = sourcecode.swift; path = BaseURL.swift; sourceTree = "<group>"; };
		255A37B1291C1B3800737C3A /* NicknameViewModel.swift */ = {isa = PBXFileReference; lastKnownFileType = sourcecode.swift; path = NicknameViewModel.swift; sourceTree = "<group>"; };
		255A37B3291C1B4700737C3A /* NicknameViewController.swift */ = {isa = PBXFileReference; lastKnownFileType = sourcecode.swift; path = NicknameViewController.swift; sourceTree = "<group>"; };
		255A37B5291C21CD00737C3A /* ToastMessage.swift */ = {isa = PBXFileReference; lastKnownFileType = sourcecode.swift; path = ToastMessage.swift; sourceTree = "<group>"; };
		255A37B8291C28EC00737C3A /* PropertyWapper.swift */ = {isa = PBXFileReference; lastKnownFileType = sourcecode.swift; path = PropertyWapper.swift; sourceTree = "<group>"; };
		255A37BC291C31CC00737C3A /* EmailView.swift */ = {isa = PBXFileReference; lastKnownFileType = sourcecode.swift; path = EmailView.swift; sourceTree = "<group>"; };
		255A37BE291C31DE00737C3A /* EmailViewController.swift */ = {isa = PBXFileReference; lastKnownFileType = sourcecode.swift; path = EmailViewController.swift; sourceTree = "<group>"; };
		255A37C0291C31E700737C3A /* EmailViewModel.swift */ = {isa = PBXFileReference; lastKnownFileType = sourcecode.swift; path = EmailViewModel.swift; sourceTree = "<group>"; };
		255A37C4291C32BC00737C3A /* BirthView.swift */ = {isa = PBXFileReference; lastKnownFileType = sourcecode.swift; path = BirthView.swift; sourceTree = "<group>"; };
		255A37C6291C32CC00737C3A /* BirthViewController.swift */ = {isa = PBXFileReference; lastKnownFileType = sourcecode.swift; path = BirthViewController.swift; sourceTree = "<group>"; };
		255A37C8291C330500737C3A /* BirthViewModel.swift */ = {isa = PBXFileReference; lastKnownFileType = sourcecode.swift; path = BirthViewModel.swift; sourceTree = "<group>"; };
		257E263C2923AB2C0039B0A0 /* DetailInfoViewModel.swift */ = {isa = PBXFileReference; lastKnownFileType = sourcecode.swift; path = DetailInfoViewModel.swift; sourceTree = "<group>"; };
		257E263F2923C9E50039B0A0 /* SeSACInfo.swift */ = {isa = PBXFileReference; lastKnownFileType = sourcecode.swift; path = SeSACInfo.swift; sourceTree = "<group>"; };
		257E264429240EC00039B0A0 /* ProfileImageHeaderView.swift */ = {isa = PBXFileReference; lastKnownFileType = sourcecode.swift; path = ProfileImageHeaderView.swift; sourceTree = "<group>"; };
		258B1E0729210BEE00C78A67 /* InfoModel.swift */ = {isa = PBXFileReference; lastKnownFileType = sourcecode.swift; path = InfoModel.swift; sourceTree = "<group>"; };
		258B1E0A29210CBF00C78A67 /* ReuseableViewProtocol.swift */ = {isa = PBXFileReference; lastKnownFileType = sourcecode.swift; path = ReuseableViewProtocol.swift; sourceTree = "<group>"; };
		258B1E0C29210CF800C78A67 /* InfoTableViewCell.swift */ = {isa = PBXFileReference; lastKnownFileType = sourcecode.swift; path = InfoTableViewCell.swift; sourceTree = "<group>"; };
		25D1EDE529227F2D0015C444 /* DetailInfoViewController.swift */ = {isa = PBXFileReference; lastKnownFileType = sourcecode.swift; path = DetailInfoViewController.swift; sourceTree = "<group>"; };
		25D1EDEB29228D0A0015C444 /* SesacDetailTableViewCell.swift */ = {isa = PBXFileReference; lastKnownFileType = sourcecode.swift; path = SesacDetailTableViewCell.swift; sourceTree = "<group>"; };
		25D1EDED29228ECC0015C444 /* GenderCustomView.swift */ = {isa = PBXFileReference; lastKnownFileType = sourcecode.swift; path = GenderCustomView.swift; sourceTree = "<group>"; };
		25D1EDF029228F730015C444 /* InfoButton.swift */ = {isa = PBXFileReference; lastKnownFileType = sourcecode.swift; path = InfoButton.swift; sourceTree = "<group>"; };
		25D1EDF229228FB50015C444 /* InfoButtonStatus.swift */ = {isa = PBXFileReference; lastKnownFileType = sourcecode.swift; path = InfoButtonStatus.swift; sourceTree = "<group>"; };
		25D1EDF42922925A0015C444 /* StudyInputView.swift */ = {isa = PBXFileReference; lastKnownFileType = sourcecode.swift; path = StudyInputView.swift; sourceTree = "<group>"; };
		25D1EDF6292294A40015C444 /* PhoneSearchView.swift */ = {isa = PBXFileReference; lastKnownFileType = sourcecode.swift; path = PhoneSearchView.swift; sourceTree = "<group>"; };
		25D1EDF82922960F0015C444 /* FriendAgeView.swift */ = {isa = PBXFileReference; lastKnownFileType = sourcecode.swift; path = FriendAgeView.swift; sourceTree = "<group>"; };
		25D1EDFA2922983C0015C444 /* WithdrawView.swift */ = {isa = PBXFileReference; lastKnownFileType = sourcecode.swift; path = WithdrawView.swift; sourceTree = "<group>"; };
		25D1EDFD29229BB60015C444 /* InfoDetailTableViewCell.swift */ = {isa = PBXFileReference; lastKnownFileType = sourcecode.swift; path = InfoDetailTableViewCell.swift; sourceTree = "<group>"; };
		25D8C390291CAB2F00FB52DF /* BirthItemView.swift */ = {isa = PBXFileReference; lastKnownFileType = sourcecode.swift; path = BirthItemView.swift; sourceTree = "<group>"; };
		25D8C393291D263E00FB52DF /* Date+Formatter.swift */ = {isa = PBXFileReference; lastKnownFileType = sourcecode.swift; path = "Date+Formatter.swift"; sourceTree = "<group>"; };
		25D8C398291D2B5600FB52DF /* GenderView.swift */ = {isa = PBXFileReference; lastKnownFileType = sourcecode.swift; path = GenderView.swift; sourceTree = "<group>"; };
		25D8C39A291D2B6200FB52DF /* GenderViewController.swift */ = {isa = PBXFileReference; lastKnownFileType = sourcecode.swift; path = GenderViewController.swift; sourceTree = "<group>"; };
		25D8C39C291D2B8800FB52DF /* GenderViewModel.swift */ = {isa = PBXFileReference; lastKnownFileType = sourcecode.swift; path = GenderViewModel.swift; sourceTree = "<group>"; };
		25D8C39F291D36E100FB52DF /* GenderItemView.swift */ = {isa = PBXFileReference; lastKnownFileType = sourcecode.swift; path = GenderItemView.swift; sourceTree = "<group>"; };
		25ED4A812922AA3D00C4A6EB /* DetailInfoModel.swift */ = {isa = PBXFileReference; lastKnownFileType = sourcecode.swift; path = DetailInfoModel.swift; sourceTree = "<group>"; };
		25ED4A832922BD7D00C4A6EB /* SesacTitleView.swift */ = {isa = PBXFileReference; lastKnownFileType = sourcecode.swift; path = SesacTitleView.swift; sourceTree = "<group>"; };
		25ED4A872922CF8400C4A6EB /* SesacReviewView.swift */ = {isa = PBXFileReference; lastKnownFileType = sourcecode.swift; path = SesacReviewView.swift; sourceTree = "<group>"; };
		25F11E8E291DEFDF004AC54A /* SplashViewController.swift */ = {isa = PBXFileReference; lastKnownFileType = sourcecode.swift; path = SplashViewController.swift; sourceTree = "<group>"; };
		25F11E91291E43A6004AC54A /* TabViewController.swift */ = {isa = PBXFileReference; lastKnownFileType = sourcecode.swift; path = TabViewController.swift; sourceTree = "<group>"; };
		25F11E94291F80AE004AC54A /* NetworkCheck.swift */ = {isa = PBXFileReference; lastKnownFileType = sourcecode.swift; path = NetworkCheck.swift; sourceTree = "<group>"; };
		25F7FDDE291931E100E0C486 /* SeSAC_StudyApp.app */ = {isa = PBXFileReference; explicitFileType = wrapper.application; includeInIndex = 0; path = SeSAC_StudyApp.app; sourceTree = BUILT_PRODUCTS_DIR; };
		25F7FDE1291931E100E0C486 /* AppDelegate.swift */ = {isa = PBXFileReference; lastKnownFileType = sourcecode.swift; path = AppDelegate.swift; sourceTree = "<group>"; };
		25F7FDE3291931E100E0C486 /* SceneDelegate.swift */ = {isa = PBXFileReference; lastKnownFileType = sourcecode.swift; path = SceneDelegate.swift; sourceTree = "<group>"; };
		25F7FDE8291931E100E0C486 /* Base */ = {isa = PBXFileReference; lastKnownFileType = file.storyboard; name = Base; path = Base.lproj/Main.storyboard; sourceTree = "<group>"; };
		25F7FDEA291931E400E0C486 /* Assets.xcassets */ = {isa = PBXFileReference; lastKnownFileType = folder.assetcatalog; path = Assets.xcassets; sourceTree = "<group>"; };
		25F7FDED291931E400E0C486 /* Base */ = {isa = PBXFileReference; lastKnownFileType = file.storyboard; name = Base; path = Base.lproj/LaunchScreen.storyboard; sourceTree = "<group>"; };
		25F7FDEF291931E400E0C486 /* Info.plist */ = {isa = PBXFileReference; lastKnownFileType = text.plist.xml; path = Info.plist; sourceTree = "<group>"; };
		25F7FE0029193B3400E0C486 /* OnboardingViewController.swift */ = {isa = PBXFileReference; lastKnownFileType = sourcecode.swift; path = OnboardingViewController.swift; sourceTree = "<group>"; };
		25F7FE0429193B7500E0C486 /* BaseViewController.swift */ = {isa = PBXFileReference; lastKnownFileType = sourcecode.swift; path = BaseViewController.swift; sourceTree = "<group>"; };
		25F7FE0629193C1500E0C486 /* .gitignore */ = {isa = PBXFileReference; lastKnownFileType = text; path = .gitignore; sourceTree = "<group>"; };
		25F7FE0829193C6300E0C486 /* APIKey.swift */ = {isa = PBXFileReference; lastKnownFileType = sourcecode.swift; path = APIKey.swift; sourceTree = "<group>"; };
		25F7FE1C29193E7600E0C486 /* ViewModelType.swift */ = {isa = PBXFileReference; lastKnownFileType = sourcecode.swift; path = ViewModelType.swift; sourceTree = "<group>"; };
		25F7FE1F29193EC400E0C486 /* Alertable.swift */ = {isa = PBXFileReference; lastKnownFileType = sourcecode.swift; path = Alertable.swift; sourceTree = "<group>"; };
		25F7FE2229193F0A00E0C486 /* BaseView.swift */ = {isa = PBXFileReference; lastKnownFileType = sourcecode.swift; path = BaseView.swift; sourceTree = "<group>"; };
		25F7FE252919403C00E0C486 /* BaseViewController+.swift */ = {isa = PBXFileReference; lastKnownFileType = sourcecode.swift; path = "BaseViewController+.swift"; sourceTree = "<group>"; };
		25F7FE2E2919416500E0C486 /* NotoSansKR-Medium.otf */ = {isa = PBXFileReference; lastKnownFileType = file; path = "NotoSansKR-Medium.otf"; sourceTree = "<group>"; };
		25F7FE2F2919416500E0C486 /* NotoSansKR-Regular.otf */ = {isa = PBXFileReference; lastKnownFileType = file; path = "NotoSansKR-Regular.otf"; sourceTree = "<group>"; };
		25F7FE382919465500E0C486 /* UIFont+CustomFont.swift */ = {isa = PBXFileReference; lastKnownFileType = sourcecode.swift; path = "UIFont+CustomFont.swift"; sourceTree = "<group>"; };
		25F7FE3A291946E900E0C486 /* UIColor+CustomColor.swift */ = {isa = PBXFileReference; lastKnownFileType = sourcecode.swift; path = "UIColor+CustomColor.swift"; sourceTree = "<group>"; };
		25F7FE3C291950AD00E0C486 /* PageView.swift */ = {isa = PBXFileReference; lastKnownFileType = sourcecode.swift; path = PageView.swift; sourceTree = "<group>"; };
		25F7FE402919566700E0C486 /* NextButtonStatus.swift */ = {isa = PBXFileReference; lastKnownFileType = sourcecode.swift; path = NextButtonStatus.swift; sourceTree = "<group>"; };
		25F7FE42291957FB00E0C486 /* UILabel+AttributedString.swift */ = {isa = PBXFileReference; lastKnownFileType = sourcecode.swift; path = "UILabel+AttributedString.swift"; sourceTree = "<group>"; };
		25F7FE442919682700E0C486 /* FirstViewController.swift */ = {isa = PBXFileReference; lastKnownFileType = sourcecode.swift; path = FirstViewController.swift; sourceTree = "<group>"; };
		25F7FE462919695E00E0C486 /* SecondViewController.swift */ = {isa = PBXFileReference; lastKnownFileType = sourcecode.swift; path = SecondViewController.swift; sourceTree = "<group>"; };
		25F7FE482919698600E0C486 /* ThirdViewController.swift */ = {isa = PBXFileReference; lastKnownFileType = sourcecode.swift; path = ThirdViewController.swift; sourceTree = "<group>"; };
		25F7FE4C291974F000E0C486 /* PhoneView.swift */ = {isa = PBXFileReference; lastKnownFileType = sourcecode.swift; path = PhoneView.swift; sourceTree = "<group>"; };
		25F7FE4F2919752B00E0C486 /* PhoneViewController.swift */ = {isa = PBXFileReference; lastKnownFileType = sourcecode.swift; path = PhoneViewController.swift; sourceTree = "<group>"; };
		25F7FE522919753F00E0C486 /* PhoneViewModel.swift */ = {isa = PBXFileReference; lastKnownFileType = sourcecode.swift; path = PhoneViewModel.swift; sourceTree = "<group>"; };
		25F7FE54291976CA00E0C486 /* UITextField+AttributedString.swift */ = {isa = PBXFileReference; lastKnownFileType = sourcecode.swift; path = "UITextField+AttributedString.swift"; sourceTree = "<group>"; };
		25F7FE562919792000E0C486 /* UITextField+.swift */ = {isa = PBXFileReference; lastKnownFileType = sourcecode.swift; path = "UITextField+.swift"; sourceTree = "<group>"; };
		25F7FE59291985DB00E0C486 /* NextButton.swift */ = {isa = PBXFileReference; lastKnownFileType = sourcecode.swift; path = NextButton.swift; sourceTree = "<group>"; };
/* End PBXFileReference section */

/* Begin PBXFrameworksBuildPhase section */
		25F7FDDB291931E100E0C486 /* Frameworks */ = {
			isa = PBXFrameworksBuildPhase;
			buildActionMask = 2147483647;
			files = (
				257E2643292401AF0039B0A0 /* MultiSlider in Frameworks */,
				255A378B291AAF9A00737C3A /* Toast in Frameworks */,
				25F7FE1329193DC100E0C486 /* RxRelay in Frameworks */,
				25F7FE1B29193DDC00E0C486 /* Then in Frameworks */,
				254627F1291A8E47004D4B72 /* FirebaseMessaging in Frameworks */,
				25F7FE1129193DC100E0C486 /* RxCocoa in Frameworks */,
				25F7FE1529193DC100E0C486 /* RxSwift in Frameworks */,
				254627EB291A8E47004D4B72 /* FirebaseAnalyticsWithoutAdIdSupport in Frameworks */,
				25F7FE0E29193DA900E0C486 /* Alamofire in Frameworks */,
				254627EF291A8E47004D4B72 /* FirebaseDatabase in Frameworks */,
				25D8C3A3291D4C6F00FB52DF /* RxDataSources in Frameworks */,
				25F7FE1829193DD000E0C486 /* SnapKit in Frameworks */,
				254627ED291A8E47004D4B72 /* FirebaseAuth in Frameworks */,
			);
			runOnlyForDeploymentPostprocessing = 0;
		};
/* End PBXFrameworksBuildPhase section */

/* Begin PBXGroup section */
		25230AF7291FAFF100525531 /* Home */ = {
			isa = PBXGroup;
			children = (
				2566E11B29261F420006FBB4 /* Map */,
			);
			path = Home;
			sourceTree = "<group>";
		};
		25230AFA291FB0A400525531 /* Shop */ = {
			isa = PBXGroup;
			children = (
				25230AFB291FB0CD00525531 /* ShopViewController.swift */,
			);
			path = Shop;
			sourceTree = "<group>";
		};
		25230AFD291FB0DC00525531 /* Friend */ = {
			isa = PBXGroup;
			children = (
				25230AFE291FB10100525531 /* FriendViewController.swift */,
			);
			path = Friend;
			sourceTree = "<group>";
		};
		25230B00291FB16100525531 /* InfoTab */ = {
			isa = PBXGroup;
			children = (
				25D1EE052922A1030015C444 /* DetailInfo */,
				25D1EE012922A0C60015C444 /* Info */,
			);
			path = InfoTab;
			sourceTree = "<group>";
		};
		254627D3291A39BB004D4B72 /* Auth */ = {
			isa = PBXGroup;
			children = (
				254627D5291A39CC004D4B72 /* ViewModel */,
				254627D4291A39C7004D4B72 /* View */,
			);
			path = Auth;
			sourceTree = "<group>";
		};
		254627D4291A39C7004D4B72 /* View */ = {
			isa = PBXGroup;
			children = (
				254627D6291A3B97004D4B72 /* AuthView.swift */,
				254627D8291A3BA7004D4B72 /* AuthViewController.swift */,
			);
			path = View;
			sourceTree = "<group>";
		};
		254627D5291A39CC004D4B72 /* ViewModel */ = {
			isa = PBXGroup;
			children = (
				254627DA291A3BB3004D4B72 /* AuthViewModel.swift */,
			);
			path = ViewModel;
			sourceTree = "<group>";
		};
		254627DC291A3C05004D4B72 /* Login */ = {
			isa = PBXGroup;
			children = (
				25F7FE402919566700E0C486 /* NextButtonStatus.swift */,
				25F7FE59291985DB00E0C486 /* NextButton.swift */,
				254627DD291A3C1A004D4B72 /* LoginView.swift */,
			);
			path = Login;
			sourceTree = "<group>";
		};
		255A378F291AB52000737C3A /* Error */ = {
			isa = PBXGroup;
			children = (
				255A3790291AB52F00737C3A /* FirebaseError.swift */,
				255A37A4291BE27000737C3A /* SeSACError.swift */,
			);
			path = Error;
			sourceTree = "<group>";
		};
		255A3793291BAA8300737C3A /* SignupScene */ = {
			isa = PBXGroup;
			children = (
				255A379E291BAFD100737C3A /* Nickname */,
				255A379F291BAFEB00737C3A /* Birth */,
				255A37A0291BAFF300737C3A /* Email */,
				25D8C395291D2B2E00FB52DF /* Gender */,
			);
			path = SignupScene;
			sourceTree = "<group>";
		};
		255A3794291BAC3900737C3A /* Model */ = {
			isa = PBXGroup;
			children = (
				257E263F2923C9E50039B0A0 /* SeSACInfo.swift */,
			);
			path = Model;
			sourceTree = "<group>";
		};
		255A3799291BADF300737C3A /* Protocol */ = {
			isa = PBXGroup;
			children = (
				255A379A291BAE5300737C3A /* FirebaseAPIService.swift */,
				255A379C291BAEF500737C3A /* SeSACAPIService.swift */,
			);
			path = Protocol;
			sourceTree = "<group>";
		};
		255A379E291BAFD100737C3A /* Nickname */ = {
			isa = PBXGroup;
			children = (
				255A37B0291C1B2500737C3A /* ViewModel */,
				255A37A1291BAFFA00737C3A /* View */,
			);
			path = Nickname;
			sourceTree = "<group>";
		};
		255A379F291BAFEB00737C3A /* Birth */ = {
			isa = PBXGroup;
			children = (
				255A37C3291C32A600737C3A /* ViewModel */,
				255A37C2291C32A300737C3A /* View */,
			);
			path = Birth;
			sourceTree = "<group>";
		};
		255A37A0291BAFF300737C3A /* Email */ = {
			isa = PBXGroup;
			children = (
				255A37BB291C31B800737C3A /* ViewModel */,
				255A37BA291C31B200737C3A /* View */,
			);
			path = Email;
			sourceTree = "<group>";
		};
		255A37A1291BAFFA00737C3A /* View */ = {
			isa = PBXGroup;
			children = (
				255A37A2291BB01400737C3A /* NicknameView.swift */,
				255A37B3291C1B4700737C3A /* NicknameViewController.swift */,
			);
			path = View;
			sourceTree = "<group>";
		};
		255A37A8291BF3B200737C3A /* Constant */ = {
			isa = PBXGroup;
			children = (
				255A37AE291BF5E900737C3A /* BaseURL.swift */,
				255A37B5291C21CD00737C3A /* ToastMessage.swift */,
				2515966A291D722200F48DB5 /* Gender.swift */,
				258B1E0729210BEE00C78A67 /* InfoModel.swift */,
				25ED4A812922AA3D00C4A6EB /* DetailInfoModel.swift */,
			);
			path = Constant;
			sourceTree = "<group>";
		};
		255A37AB291BF5AD00737C3A /* Network */ = {
			isa = PBXGroup;
			children = (
				255A37AC291BF5BD00737C3A /* SeSACAPIRouter.swift */,
			);
			path = Network;
			sourceTree = "<group>";
		};
		255A37B0291C1B2500737C3A /* ViewModel */ = {
			isa = PBXGroup;
			children = (
				255A37B1291C1B3800737C3A /* NicknameViewModel.swift */,
			);
			path = ViewModel;
			sourceTree = "<group>";
		};
		255A37B7291C28DA00737C3A /* PropertyWrapper */ = {
			isa = PBXGroup;
			children = (
				255A37B8291C28EC00737C3A /* PropertyWapper.swift */,
			);
			path = PropertyWrapper;
			sourceTree = "<group>";
		};
		255A37BA291C31B200737C3A /* View */ = {
			isa = PBXGroup;
			children = (
				255A37BC291C31CC00737C3A /* EmailView.swift */,
				255A37BE291C31DE00737C3A /* EmailViewController.swift */,
			);
			path = View;
			sourceTree = "<group>";
		};
		255A37BB291C31B800737C3A /* ViewModel */ = {
			isa = PBXGroup;
			children = (
				255A37C0291C31E700737C3A /* EmailViewModel.swift */,
			);
			path = ViewModel;
			sourceTree = "<group>";
		};
		255A37C2291C32A300737C3A /* View */ = {
			isa = PBXGroup;
			children = (
				255A37C4291C32BC00737C3A /* BirthView.swift */,
				255A37C6291C32CC00737C3A /* BirthViewController.swift */,
			);
			path = View;
			sourceTree = "<group>";
		};
		255A37C3291C32A600737C3A /* ViewModel */ = {
			isa = PBXGroup;
			children = (
				255A37C8291C330500737C3A /* BirthViewModel.swift */,
			);
			path = ViewModel;
			sourceTree = "<group>";
		};
		2566E118292611D60006FBB4 /* CustomView */ = {
			isa = PBXGroup;
			children = (
				25D1EDFA2922983C0015C444 /* WithdrawView.swift */,
				25D1EDF82922960F0015C444 /* FriendAgeView.swift */,
				25D1EDF6292294A40015C444 /* PhoneSearchView.swift */,
				25D1EDF42922925A0015C444 /* StudyInputView.swift */,
				25D1EDED29228ECC0015C444 /* GenderCustomView.swift */,
			);
			path = CustomView;
			sourceTree = "<group>";
		};
		2566E11929261F060006FBB4 /* View */ = {
			isa = PBXGroup;
			children = (
				25230AF8291FB01900525531 /* HomeViewController.swift */,
			);
			path = View;
			sourceTree = "<group>";
		};
		2566E11A29261F0E0006FBB4 /* ViewModel */ = {
			isa = PBXGroup;
			children = (
			);
			path = ViewModel;
			sourceTree = "<group>";
		};
		2566E11B29261F420006FBB4 /* Map */ = {
			isa = PBXGroup;
			children = (
				2566E11A29261F0E0006FBB4 /* ViewModel */,
				2566E11929261F060006FBB4 /* View */,
			);
			path = Map;
			sourceTree = "<group>";
		};
		257E26482924123F0039B0A0 /* Card */ = {
			isa = PBXGroup;
			children = (
				25ED4A872922CF8400C4A6EB /* SesacReviewView.swift */,
				25ED4A832922BD7D00C4A6EB /* SesacTitleView.swift */,
			);
			path = Card;
			sourceTree = "<group>";
		};
		258B1E0529210B0000C78A67 /* Cell */ = {
			isa = PBXGroup;
			children = (
				257E264429240EC00039B0A0 /* ProfileImageHeaderView.swift */,
				25D1EDEB29228D0A0015C444 /* SesacDetailTableViewCell.swift */,
				25D1EDFD29229BB60015C444 /* InfoDetailTableViewCell.swift */,
			);
			path = Cell;
			sourceTree = "<group>";
		};
		258B1E0629210B0E00C78A67 /* View */ = {
			isa = PBXGroup;
			children = (
				25D1EDE529227F2D0015C444 /* DetailInfoViewController.swift */,
				251BC0A92926308900246894 /* WithdrawViewController.swift */,
				251BC0AB2926318000246894 /* WithdrawCheckView.swift */,
			);
			path = View;
			sourceTree = "<group>";
		};
		258B1E0929210CA300C78A67 /* Protocol */ = {
			isa = PBXGroup;
			children = (
				258B1E0A29210CBF00C78A67 /* ReuseableViewProtocol.swift */,
			);
			path = Protocol;
			sourceTree = "<group>";
		};
		258B1E102921318500C78A67 /* Network */ = {
			isa = PBXGroup;
			children = (
				258B1E112921318F00C78A67 /* DataMapping */,
			);
			path = Network;
			sourceTree = "<group>";
		};
		258B1E112921318F00C78A67 /* DataMapping */ = {
			isa = PBXGroup;
			children = (
				255A37A9291BF41100737C3A /* UserDataDTO.swift */,
			);
			path = DataMapping;
			sourceTree = "<group>";
		};
		25D1EDEF29228F500015C444 /* Info */ = {
			isa = PBXGroup;
			children = (
				25D1EDF029228F730015C444 /* InfoButton.swift */,
				25D1EDF229228FB50015C444 /* InfoButtonStatus.swift */,
			);
			path = Info;
			sourceTree = "<group>";
		};
		25D1EDFC29229B6C0015C444 /* CustomView */ = {
			isa = PBXGroup;
			children = (
				2566E118292611D60006FBB4 /* CustomView */,
				257E26482924123F0039B0A0 /* Card */,
			);
			path = CustomView;
			sourceTree = "<group>";
		};
		25D1EE002922A0C00015C444 /* ViewModel */ = {
			isa = PBXGroup;
			children = (
				257E263C2923AB2C0039B0A0 /* DetailInfoViewModel.swift */,
			);
			path = ViewModel;
			sourceTree = "<group>";
		};
		25D1EE012922A0C60015C444 /* Info */ = {
			isa = PBXGroup;
			children = (
				25D1EE042922A0F60015C444 /* Cell */,
				25D1EE022922A0E60015C444 /* View */,
			);
			path = Info;
			sourceTree = "<group>";
		};
		25D1EE022922A0E60015C444 /* View */ = {
			isa = PBXGroup;
			children = (
				25230B01291FB17100525531 /* InfoViewController.swift */,
			);
			path = View;
			sourceTree = "<group>";
		};
		25D1EE042922A0F60015C444 /* Cell */ = {
			isa = PBXGroup;
			children = (
				258B1E0C29210CF800C78A67 /* InfoTableViewCell.swift */,
			);
			path = Cell;
			sourceTree = "<group>";
		};
		25D1EE052922A1030015C444 /* DetailInfo */ = {
			isa = PBXGroup;
			children = (
				258B1E0529210B0000C78A67 /* Cell */,
				25D1EDFC29229B6C0015C444 /* CustomView */,
				25D1EE002922A0C00015C444 /* ViewModel */,
				258B1E0629210B0E00C78A67 /* View */,
			);
			path = DetailInfo;
			sourceTree = "<group>";
		};
		25D8C38F291CAB0B00FB52DF /* Signup */ = {
			isa = PBXGroup;
			children = (
				25D8C39F291D36E100FB52DF /* GenderItemView.swift */,
				25D8C390291CAB2F00FB52DF /* BirthItemView.swift */,
			);
			path = Signup;
			sourceTree = "<group>";
		};
		25D8C395291D2B2E00FB52DF /* Gender */ = {
			isa = PBXGroup;
			children = (
				25D8C396291D2B4500FB52DF /* ViewModel */,
				25D8C397291D2B4A00FB52DF /* View */,
			);
			path = Gender;
			sourceTree = "<group>";
		};
		25D8C396291D2B4500FB52DF /* ViewModel */ = {
			isa = PBXGroup;
			children = (
				25D8C39C291D2B8800FB52DF /* GenderViewModel.swift */,
			);
			path = ViewModel;
			sourceTree = "<group>";
		};
		25D8C397291D2B4A00FB52DF /* View */ = {
			isa = PBXGroup;
			children = (
				25D8C398291D2B5600FB52DF /* GenderView.swift */,
				25D8C39A291D2B6200FB52DF /* GenderViewController.swift */,
			);
			path = View;
			sourceTree = "<group>";
		};
		25F11E8D291DEFA8004AC54A /* Splash */ = {
			isa = PBXGroup;
			children = (
				25F11E8E291DEFDF004AC54A /* SplashViewController.swift */,
			);
			path = Splash;
			sourceTree = "<group>";
		};
		25F11E90291E3F37004AC54A /* MainScene */ = {
			isa = PBXGroup;
			children = (
				25F11E91291E43A6004AC54A /* TabViewController.swift */,
				25230AF7291FAFF100525531 /* Home */,
				25230AFA291FB0A400525531 /* Shop */,
				25230AFD291FB0DC00525531 /* Friend */,
				25230B00291FB16100525531 /* InfoTab */,
			);
			path = MainScene;
			sourceTree = "<group>";
		};
		25F11E93291F8085004AC54A /* NetworkCheck */ = {
			isa = PBXGroup;
			children = (
				25F11E94291F80AE004AC54A /* NetworkCheck.swift */,
			);
			path = NetworkCheck;
			sourceTree = "<group>";
		};
		25F7FDD5291931E100E0C486 = {
			isa = PBXGroup;
			children = (
				25F7FE0629193C1500E0C486 /* .gitignore */,
				25F7FE0829193C6300E0C486 /* APIKey.swift */,
				255A37A6291BE54100737C3A /* GoogleService-Info.plist */,
				25F7FDE0291931E100E0C486 /* SeSAC_StudyApp */,
				25F7FDDF291931E100E0C486 /* Products */,
			);
			sourceTree = "<group>";
		};
		25F7FDDF291931E100E0C486 /* Products */ = {
			isa = PBXGroup;
			children = (
				25F7FDDE291931E100E0C486 /* SeSAC_StudyApp.app */,
			);
			name = Products;
			sourceTree = "<group>";
		};
		25F7FDE0291931E100E0C486 /* SeSAC_StudyApp */ = {
			isa = PBXGroup;
			children = (
				254627DF291A51F5004D4B72 /* SeSAC_StudyApp.entitlements */,
				25F7FDF9291939F600E0C486 /* Util */,
				25F7FDF62919398500E0C486 /* Resource */,
				25F7FDFA29193A0500E0C486 /* Domain */,
				25F7FDFB29193A1500E0C486 /* Presentation */,
				25F7FDFC29193A2400E0C486 /* Data */,
				25F7FDFD29193A3500E0C486 /* Network */,
				25F7FDF52919397200E0C486 /* Application */,
			);
			path = SeSAC_StudyApp;
			sourceTree = "<group>";
		};
		25F7FDF52919397200E0C486 /* Application */ = {
			isa = PBXGroup;
			children = (
				25F7FDE1291931E100E0C486 /* AppDelegate.swift */,
				25F7FDE3291931E100E0C486 /* SceneDelegate.swift */,
			);
			path = Application;
			sourceTree = "<group>";
		};
		25F7FDF62919398500E0C486 /* Resource */ = {
			isa = PBXGroup;
			children = (
				25F7FDF8291939AB00E0C486 /* Storyboard */,
				25F7FDF72919398C00E0C486 /* Asset */,
				25F7FDEF291931E400E0C486 /* Info.plist */,
			);
			path = Resource;
			sourceTree = "<group>";
		};
		25F7FDF72919398C00E0C486 /* Asset */ = {
			isa = PBXGroup;
			children = (
				25F7FE282919416500E0C486 /* Font */,
				25F7FDEA291931E400E0C486 /* Assets.xcassets */,
			);
			path = Asset;
			sourceTree = "<group>";
		};
		25F7FDF8291939AB00E0C486 /* Storyboard */ = {
			isa = PBXGroup;
			children = (
				25F7FDE7291931E100E0C486 /* Main.storyboard */,
				25F7FDEC291931E400E0C486 /* LaunchScreen.storyboard */,
			);
			path = Storyboard;
			sourceTree = "<group>";
		};
		25F7FDF9291939F600E0C486 /* Util */ = {
			isa = PBXGroup;
			children = (
				255A37A8291BF3B200737C3A /* Constant */,
				25F7FE372919463600E0C486 /* Extension */,
				255A37B7291C28DA00737C3A /* PropertyWrapper */,
			);
			path = Util;
			sourceTree = "<group>";
		};
		25F7FDFA29193A0500E0C486 /* Domain */ = {
			isa = PBXGroup;
			children = (
				255A37AB291BF5AD00737C3A /* Network */,
				255A3794291BAC3900737C3A /* Model */,
			);
			path = Domain;
			sourceTree = "<group>";
		};
		25F7FDFB29193A1500E0C486 /* Presentation */ = {
			isa = PBXGroup;
			children = (
				25F7FE0329193B6600E0C486 /* Common */,
				25F11E8D291DEFA8004AC54A /* Splash */,
				25F7FDFE29193A9400E0C486 /* Onboarding */,
				25F7FE4A2919705F00E0C486 /* LoginScene */,
				255A3793291BAA8300737C3A /* SignupScene */,
				25F11E90291E3F37004AC54A /* MainScene */,
			);
			path = Presentation;
			sourceTree = "<group>";
		};
		25F7FDFC29193A2400E0C486 /* Data */ = {
			isa = PBXGroup;
			children = (
				258B1E102921318500C78A67 /* Network */,
			);
			path = Data;
			sourceTree = "<group>";
		};
		25F7FDFD29193A3500E0C486 /* Network */ = {
			isa = PBXGroup;
			children = (
				25F11E93291F8085004AC54A /* NetworkCheck */,
				255A378F291AB52000737C3A /* Error */,
				255A3799291BADF300737C3A /* Protocol */,
				255A378D291AB47300737C3A /* DefaultFirebaseAPIService.swift */,
				255A3796291BACAF00737C3A /* DefaultSeSACAPIService.swift */,
			);
			path = Network;
			sourceTree = "<group>";
		};
		25F7FDFE29193A9400E0C486 /* Onboarding */ = {
			isa = PBXGroup;
			children = (
				25F7FDFF29193A9F00E0C486 /* View */,
			);
			path = Onboarding;
			sourceTree = "<group>";
		};
		25F7FDFF29193A9F00E0C486 /* View */ = {
			isa = PBXGroup;
			children = (
				25F7FE0029193B3400E0C486 /* OnboardingViewController.swift */,
				25F7FE442919682700E0C486 /* FirstViewController.swift */,
				25F7FE462919695E00E0C486 /* SecondViewController.swift */,
				25F7FE482919698600E0C486 /* ThirdViewController.swift */,
				25F7FE3C291950AD00E0C486 /* PageView.swift */,
			);
			path = View;
			sourceTree = "<group>";
		};
		25F7FE0329193B6600E0C486 /* Common */ = {
			isa = PBXGroup;
			children = (
				25F7FE0B29193C9D00E0C486 /* ViewModel */,
				25F7FE2129193EF800E0C486 /* View */,
				25F7FE0A29193C9300E0C486 /* ViewController */,
			);
			path = Common;
			sourceTree = "<group>";
		};
		25F7FE0A29193C9300E0C486 /* ViewController */ = {
			isa = PBXGroup;
			children = (
				25F7FE582919819F00E0C486 /* Protocol */,
				25F7FE242919402B00E0C486 /* Extension */,
				25F7FE0429193B7500E0C486 /* BaseViewController.swift */,
			);
			path = ViewController;
			sourceTree = "<group>";
		};
		25F7FE0B29193C9D00E0C486 /* ViewModel */ = {
			isa = PBXGroup;
			children = (
				25F7FE1E29193EAB00E0C486 /* Protocol */,
			);
			path = ViewModel;
			sourceTree = "<group>";
		};
		25F7FE1E29193EAB00E0C486 /* Protocol */ = {
			isa = PBXGroup;
			children = (
				25F7FE1C29193E7600E0C486 /* ViewModelType.swift */,
			);
			path = Protocol;
			sourceTree = "<group>";
		};
		25F7FE2129193EF800E0C486 /* View */ = {
			isa = PBXGroup;
			children = (
				258B1E0929210CA300C78A67 /* Protocol */,
				25F7FE2229193F0A00E0C486 /* BaseView.swift */,
				254627DC291A3C05004D4B72 /* Login */,
				25D8C38F291CAB0B00FB52DF /* Signup */,
				25D1EDEF29228F500015C444 /* Info */,
			);
			path = View;
			sourceTree = "<group>";
		};
		25F7FE242919402B00E0C486 /* Extension */ = {
			isa = PBXGroup;
			children = (
				25F7FE252919403C00E0C486 /* BaseViewController+.swift */,
			);
			path = Extension;
			sourceTree = "<group>";
		};
		25F7FE282919416500E0C486 /* Font */ = {
			isa = PBXGroup;
			children = (
				25F7FE2E2919416500E0C486 /* NotoSansKR-Medium.otf */,
				25F7FE2F2919416500E0C486 /* NotoSansKR-Regular.otf */,
			);
			name = Font;
			path = Font/Font;
			sourceTree = "<group>";
		};
		25F7FE372919463600E0C486 /* Extension */ = {
			isa = PBXGroup;
			children = (
				25F7FE382919465500E0C486 /* UIFont+CustomFont.swift */,
				25F7FE3A291946E900E0C486 /* UIColor+CustomColor.swift */,
				25F7FE42291957FB00E0C486 /* UILabel+AttributedString.swift */,
				25F7FE54291976CA00E0C486 /* UITextField+AttributedString.swift */,
				25F7FE562919792000E0C486 /* UITextField+.swift */,
				254627D1291A2EFF004D4B72 /* String+PhoneNumber.swift */,
				25D8C393291D263E00FB52DF /* Date+Formatter.swift */,
			);
			path = Extension;
			sourceTree = "<group>";
		};
		25F7FE4A2919705F00E0C486 /* LoginScene */ = {
			isa = PBXGroup;
			children = (
				25F7FE4B2919737A00E0C486 /* Phone */,
				254627D3291A39BB004D4B72 /* Auth */,
			);
			path = LoginScene;
			sourceTree = "<group>";
		};
		25F7FE4B2919737A00E0C486 /* Phone */ = {
			isa = PBXGroup;
			children = (
				25F7FE512919753200E0C486 /* ViewModel */,
				25F7FE4E291974F500E0C486 /* View */,
			);
			path = Phone;
			sourceTree = "<group>";
		};
		25F7FE4E291974F500E0C486 /* View */ = {
			isa = PBXGroup;
			children = (
				25F7FE4C291974F000E0C486 /* PhoneView.swift */,
				25F7FE4F2919752B00E0C486 /* PhoneViewController.swift */,
			);
			path = View;
			sourceTree = "<group>";
		};
		25F7FE512919753200E0C486 /* ViewModel */ = {
			isa = PBXGroup;
			children = (
				25F7FE522919753F00E0C486 /* PhoneViewModel.swift */,
			);
			path = ViewModel;
			sourceTree = "<group>";
		};
		25F7FE582919819F00E0C486 /* Protocol */ = {
			isa = PBXGroup;
			children = (
				25F7FE1F29193EC400E0C486 /* Alertable.swift */,
			);
			path = Protocol;
			sourceTree = "<group>";
		};
/* End PBXGroup section */

/* Begin PBXNativeTarget section */
		25F7FDDD291931E100E0C486 /* SeSAC_StudyApp */ = {
			isa = PBXNativeTarget;
			buildConfigurationList = 25F7FDF2291931E400E0C486 /* Build configuration list for PBXNativeTarget "SeSAC_StudyApp" */;
			buildPhases = (
				25F7FDDA291931E100E0C486 /* Sources */,
				25F7FDDB291931E100E0C486 /* Frameworks */,
				25F7FDDC291931E100E0C486 /* Resources */,
			);
			buildRules = (
			);
			dependencies = (
			);
			name = SeSAC_StudyApp;
			packageProductDependencies = (
				25F7FE0D29193DA900E0C486 /* Alamofire */,
				25F7FE1029193DC100E0C486 /* RxCocoa */,
				25F7FE1229193DC100E0C486 /* RxRelay */,
				25F7FE1429193DC100E0C486 /* RxSwift */,
				25F7FE1729193DD000E0C486 /* SnapKit */,
				25F7FE1A29193DDC00E0C486 /* Then */,
				254627EA291A8E47004D4B72 /* FirebaseAnalyticsWithoutAdIdSupport */,
				254627EC291A8E47004D4B72 /* FirebaseAuth */,
				254627EE291A8E47004D4B72 /* FirebaseDatabase */,
				254627F0291A8E47004D4B72 /* FirebaseMessaging */,
				255A378A291AAF9A00737C3A /* Toast */,
				25D8C3A2291D4C6F00FB52DF /* RxDataSources */,
				257E2642292401AF0039B0A0 /* MultiSlider */,
			);
			productName = SeSAC_StudyApp;
			productReference = 25F7FDDE291931E100E0C486 /* SeSAC_StudyApp.app */;
			productType = "com.apple.product-type.application";
		};
/* End PBXNativeTarget section */

/* Begin PBXProject section */
		25F7FDD6291931E100E0C486 /* Project object */ = {
			isa = PBXProject;
			attributes = {
				BuildIndependentTargetsInParallel = 1;
				LastSwiftUpdateCheck = 1400;
				LastUpgradeCheck = 1400;
				TargetAttributes = {
					25F7FDDD291931E100E0C486 = {
						CreatedOnToolsVersion = 14.0.1;
					};
				};
			};
			buildConfigurationList = 25F7FDD9291931E100E0C486 /* Build configuration list for PBXProject "SeSAC_StudyApp" */;
			compatibilityVersion = "Xcode 14.0";
			developmentRegion = en;
			hasScannedForEncodings = 0;
			knownRegions = (
				en,
				Base,
			);
			mainGroup = 25F7FDD5291931E100E0C486;
			packageReferences = (
				25F7FE0C29193DA900E0C486 /* XCRemoteSwiftPackageReference "Alamofire" */,
				25F7FE0F29193DC100E0C486 /* XCRemoteSwiftPackageReference "RxSwift" */,
				25F7FE1629193DD000E0C486 /* XCRemoteSwiftPackageReference "SnapKit" */,
				25F7FE1929193DDC00E0C486 /* XCRemoteSwiftPackageReference "Then" */,
				254627E9291A8E47004D4B72 /* XCRemoteSwiftPackageReference "firebase-ios-sdk" */,
				255A3789291AAF9900737C3A /* XCRemoteSwiftPackageReference "Toast-Swift" */,
				25D8C3A1291D4C6F00FB52DF /* XCRemoteSwiftPackageReference "RxDataSources" */,
				257E2641292401AF0039B0A0 /* XCRemoteSwiftPackageReference "MultiSlider" */,
			);
			productRefGroup = 25F7FDDF291931E100E0C486 /* Products */;
			projectDirPath = "";
			projectRoot = "";
			targets = (
				25F7FDDD291931E100E0C486 /* SeSAC_StudyApp */,
			);
		};
/* End PBXProject section */

/* Begin PBXResourcesBuildPhase section */
		25F7FDDC291931E100E0C486 /* Resources */ = {
			isa = PBXResourcesBuildPhase;
			buildActionMask = 2147483647;
			files = (
				25F7FE362919416500E0C486 /* NotoSansKR-Regular.otf in Resources */,
				25F7FE0729193C1500E0C486 /* .gitignore in Resources */,
				25F7FE352919416500E0C486 /* NotoSansKR-Medium.otf in Resources */,
				25F7FDEE291931E400E0C486 /* LaunchScreen.storyboard in Resources */,
				25F7FDEB291931E400E0C486 /* Assets.xcassets in Resources */,
				25F7FDE9291931E100E0C486 /* Main.storyboard in Resources */,
				255A37A7291BE54100737C3A /* GoogleService-Info.plist in Resources */,
			);
			runOnlyForDeploymentPostprocessing = 0;
		};
/* End PBXResourcesBuildPhase section */

/* Begin PBXSourcesBuildPhase section */
		25F7FDDA291931E100E0C486 /* Sources */ = {
			isa = PBXSourcesBuildPhase;
			buildActionMask = 2147483647;
			files = (
				25D8C399291D2B5600FB52DF /* GenderView.swift in Sources */,
				2515966B291D722200F48DB5 /* Gender.swift in Sources */,
				25F11E92291E43A6004AC54A /* TabViewController.swift in Sources */,
				254627D2291A2EFF004D4B72 /* String+PhoneNumber.swift in Sources */,
				251BC0AA2926308900246894 /* WithdrawViewController.swift in Sources */,
				25D1EDFB2922983C0015C444 /* WithdrawView.swift in Sources */,
				25F7FE492919698600E0C486 /* ThirdViewController.swift in Sources */,
				25D1EDE629227F2D0015C444 /* DetailInfoViewController.swift in Sources */,
				25ED4A822922AA3D00C4A6EB /* DetailInfoModel.swift in Sources */,
				25F7FE472919695E00E0C486 /* SecondViewController.swift in Sources */,
				25F7FE452919682700E0C486 /* FirstViewController.swift in Sources */,
				25D1EDF329228FB50015C444 /* InfoButtonStatus.swift in Sources */,
				25D8C391291CAB2F00FB52DF /* BirthItemView.swift in Sources */,
				25F7FDE2291931E100E0C486 /* AppDelegate.swift in Sources */,
				25F7FE5A291985DB00E0C486 /* NextButton.swift in Sources */,
				255A37BD291C31CC00737C3A /* EmailView.swift in Sources */,
				25D1EDEC29228D0A0015C444 /* SesacDetailTableViewCell.swift in Sources */,
				25F7FE502919752B00E0C486 /* PhoneViewController.swift in Sources */,
				25F7FE3D291950AD00E0C486 /* PageView.swift in Sources */,
				254627D9291A3BA7004D4B72 /* AuthViewController.swift in Sources */,
				25230AFF291FB10100525531 /* FriendViewController.swift in Sources */,
				255A37C5291C32BC00737C3A /* BirthView.swift in Sources */,
				255A3791291AB52F00737C3A /* FirebaseError.swift in Sources */,
				255A37A3291BB01400737C3A /* NicknameView.swift in Sources */,
				25F7FE2029193EC400E0C486 /* Alertable.swift in Sources */,
				25F7FE0529193B7500E0C486 /* BaseViewController.swift in Sources */,
				255A37AA291BF41100737C3A /* UserDataDTO.swift in Sources */,
				255A3797291BACAF00737C3A /* DefaultSeSACAPIService.swift in Sources */,
				25ED4A842922BD7D00C4A6EB /* SesacTitleView.swift in Sources */,
				25F7FE532919753F00E0C486 /* PhoneViewModel.swift in Sources */,
				25F7FE1D29193E7600E0C486 /* ViewModelType.swift in Sources */,
				255A37A5291BE27000737C3A /* SeSACError.swift in Sources */,
				25F7FE55291976CA00E0C486 /* UITextField+AttributedString.swift in Sources */,
				258B1E0D29210CF800C78A67 /* InfoTableViewCell.swift in Sources */,
				255A37B9291C28EC00737C3A /* PropertyWapper.swift in Sources */,
				255A378E291AB47300737C3A /* DefaultFirebaseAPIService.swift in Sources */,
				251BC0AC2926318000246894 /* WithdrawCheckView.swift in Sources */,
				25ED4A882922CF8400C4A6EB /* SesacReviewView.swift in Sources */,
				257E264529240EC00039B0A0 /* ProfileImageHeaderView.swift in Sources */,
				25F7FE0129193B3400E0C486 /* OnboardingViewController.swift in Sources */,
				25F7FDE4291931E100E0C486 /* SceneDelegate.swift in Sources */,
				25F7FE392919465500E0C486 /* UIFont+CustomFont.swift in Sources */,
				254627DB291A3BB3004D4B72 /* AuthViewModel.swift in Sources */,
				25D8C39B291D2B6200FB52DF /* GenderViewController.swift in Sources */,
				25D1EDFE29229BB70015C444 /* InfoDetailTableViewCell.swift in Sources */,
				25230AFC291FB0CD00525531 /* ShopViewController.swift in Sources */,
				255A37AD291BF5BD00737C3A /* SeSACAPIRouter.swift in Sources */,
				254627D7291A3B97004D4B72 /* AuthView.swift in Sources */,
				25230B02291FB17100525531 /* InfoViewController.swift in Sources */,
				25D8C394291D263E00FB52DF /* Date+Formatter.swift in Sources */,
				25F7FE3B291946E900E0C486 /* UIColor+CustomColor.swift in Sources */,
				255A379D291BAEF500737C3A /* SeSACAPIService.swift in Sources */,
				25F7FE4D291974F000E0C486 /* PhoneView.swift in Sources */,
				255A37C1291C31E700737C3A /* EmailViewModel.swift in Sources */,
				255A37BF291C31DE00737C3A /* EmailViewController.swift in Sources */,
				25F7FE43291957FB00E0C486 /* UILabel+AttributedString.swift in Sources */,
				25D1EDF7292294A40015C444 /* PhoneSearchView.swift in Sources */,
				255A37AF291BF5E900737C3A /* BaseURL.swift in Sources */,
				255A37C9291C330500737C3A /* BirthViewModel.swift in Sources */,
				25D8C3A0291D36E100FB52DF /* GenderItemView.swift in Sources */,
				254627DE291A3C1A004D4B72 /* LoginView.swift in Sources */,
				258B1E0829210BEE00C78A67 /* InfoModel.swift in Sources */,
				25D1EDF129228F730015C444 /* InfoButton.swift in Sources */,
				25F7FE0929193C6300E0C486 /* APIKey.swift in Sources */,
				25F7FE2329193F0A00E0C486 /* BaseView.swift in Sources */,
				257E263D2923AB2C0039B0A0 /* DetailInfoViewModel.swift in Sources */,
				25F7FE262919403C00E0C486 /* BaseViewController+.swift in Sources */,
				25F11E8F291DEFDF004AC54A /* SplashViewController.swift in Sources */,
				25F7FE412919566700E0C486 /* NextButtonStatus.swift in Sources */,
				25D8C39D291D2B8800FB52DF /* GenderViewModel.swift in Sources */,
				255A37B4291C1B4700737C3A /* NicknameViewController.swift in Sources */,
				255A37B6291C21CD00737C3A /* ToastMessage.swift in Sources */,
				25D1EDEE29228ECC0015C444 /* GenderCustomView.swift in Sources */,
				25F7FE572919792000E0C486 /* UITextField+.swift in Sources */,
				257E26402923C9E50039B0A0 /* SeSACInfo.swift in Sources */,
				255A379B291BAE5300737C3A /* FirebaseAPIService.swift in Sources */,
				258B1E0B29210CBF00C78A67 /* ReuseableViewProtocol.swift in Sources */,
				25230AF9291FB01900525531 /* HomeViewController.swift in Sources */,
				25D1EDF92922960F0015C444 /* FriendAgeView.swift in Sources */,
				25F11E95291F80AE004AC54A /* NetworkCheck.swift in Sources */,
				25D1EDF52922925A0015C444 /* StudyInputView.swift in Sources */,
				255A37C7291C32CC00737C3A /* BirthViewController.swift in Sources */,
				255A37B2291C1B3800737C3A /* NicknameViewModel.swift in Sources */,
			);
			runOnlyForDeploymentPostprocessing = 0;
		};
/* End PBXSourcesBuildPhase section */

/* Begin PBXVariantGroup section */
		25F7FDE7291931E100E0C486 /* Main.storyboard */ = {
			isa = PBXVariantGroup;
			children = (
				25F7FDE8291931E100E0C486 /* Base */,
			);
			name = Main.storyboard;
			sourceTree = "<group>";
		};
		25F7FDEC291931E400E0C486 /* LaunchScreen.storyboard */ = {
			isa = PBXVariantGroup;
			children = (
				25F7FDED291931E400E0C486 /* Base */,
			);
			name = LaunchScreen.storyboard;
			sourceTree = "<group>";
		};
/* End PBXVariantGroup section */

/* Begin XCBuildConfiguration section */
		25F7FDF0291931E400E0C486 /* Debug */ = {
			isa = XCBuildConfiguration;
			buildSettings = {
				ALWAYS_SEARCH_USER_PATHS = NO;
				CLANG_ANALYZER_NONNULL = YES;
				CLANG_ANALYZER_NUMBER_OBJECT_CONVERSION = YES_AGGRESSIVE;
				CLANG_CXX_LANGUAGE_STANDARD = "gnu++20";
				CLANG_ENABLE_MODULES = YES;
				CLANG_ENABLE_OBJC_ARC = YES;
				CLANG_ENABLE_OBJC_WEAK = YES;
				CLANG_WARN_BLOCK_CAPTURE_AUTORELEASING = YES;
				CLANG_WARN_BOOL_CONVERSION = YES;
				CLANG_WARN_COMMA = YES;
				CLANG_WARN_CONSTANT_CONVERSION = YES;
				CLANG_WARN_DEPRECATED_OBJC_IMPLEMENTATIONS = YES;
				CLANG_WARN_DIRECT_OBJC_ISA_USAGE = YES_ERROR;
				CLANG_WARN_DOCUMENTATION_COMMENTS = YES;
				CLANG_WARN_EMPTY_BODY = YES;
				CLANG_WARN_ENUM_CONVERSION = YES;
				CLANG_WARN_INFINITE_RECURSION = YES;
				CLANG_WARN_INT_CONVERSION = YES;
				CLANG_WARN_NON_LITERAL_NULL_CONVERSION = YES;
				CLANG_WARN_OBJC_IMPLICIT_RETAIN_SELF = YES;
				CLANG_WARN_OBJC_LITERAL_CONVERSION = YES;
				CLANG_WARN_OBJC_ROOT_CLASS = YES_ERROR;
				CLANG_WARN_QUOTED_INCLUDE_IN_FRAMEWORK_HEADER = YES;
				CLANG_WARN_RANGE_LOOP_ANALYSIS = YES;
				CLANG_WARN_STRICT_PROTOTYPES = YES;
				CLANG_WARN_SUSPICIOUS_MOVE = YES;
				CLANG_WARN_UNGUARDED_AVAILABILITY = YES_AGGRESSIVE;
				CLANG_WARN_UNREACHABLE_CODE = YES;
				CLANG_WARN__DUPLICATE_METHOD_MATCH = YES;
				COPY_PHASE_STRIP = NO;
				DEBUG_INFORMATION_FORMAT = dwarf;
				ENABLE_STRICT_OBJC_MSGSEND = YES;
				ENABLE_TESTABILITY = YES;
				GCC_C_LANGUAGE_STANDARD = gnu11;
				GCC_DYNAMIC_NO_PIC = NO;
				GCC_NO_COMMON_BLOCKS = YES;
				GCC_OPTIMIZATION_LEVEL = 0;
				GCC_PREPROCESSOR_DEFINITIONS = (
					"DEBUG=1",
					"$(inherited)",
				);
				GCC_WARN_64_TO_32_BIT_CONVERSION = YES;
				GCC_WARN_ABOUT_RETURN_TYPE = YES_ERROR;
				GCC_WARN_UNDECLARED_SELECTOR = YES;
				GCC_WARN_UNINITIALIZED_AUTOS = YES_AGGRESSIVE;
				GCC_WARN_UNUSED_FUNCTION = YES;
				GCC_WARN_UNUSED_VARIABLE = YES;
				INFOPLIST_FILE = "";
				IPHONEOS_DEPLOYMENT_TARGET = 15.0;
				MTL_ENABLE_DEBUG_INFO = INCLUDE_SOURCE;
				MTL_FAST_MATH = YES;
				ONLY_ACTIVE_ARCH = YES;
				SDKROOT = iphoneos;
				SWIFT_ACTIVE_COMPILATION_CONDITIONS = DEBUG;
				SWIFT_OPTIMIZATION_LEVEL = "-Onone";
			};
			name = Debug;
		};
		25F7FDF1291931E400E0C486 /* Release */ = {
			isa = XCBuildConfiguration;
			buildSettings = {
				ALWAYS_SEARCH_USER_PATHS = NO;
				CLANG_ANALYZER_NONNULL = YES;
				CLANG_ANALYZER_NUMBER_OBJECT_CONVERSION = YES_AGGRESSIVE;
				CLANG_CXX_LANGUAGE_STANDARD = "gnu++20";
				CLANG_ENABLE_MODULES = YES;
				CLANG_ENABLE_OBJC_ARC = YES;
				CLANG_ENABLE_OBJC_WEAK = YES;
				CLANG_WARN_BLOCK_CAPTURE_AUTORELEASING = YES;
				CLANG_WARN_BOOL_CONVERSION = YES;
				CLANG_WARN_COMMA = YES;
				CLANG_WARN_CONSTANT_CONVERSION = YES;
				CLANG_WARN_DEPRECATED_OBJC_IMPLEMENTATIONS = YES;
				CLANG_WARN_DIRECT_OBJC_ISA_USAGE = YES_ERROR;
				CLANG_WARN_DOCUMENTATION_COMMENTS = YES;
				CLANG_WARN_EMPTY_BODY = YES;
				CLANG_WARN_ENUM_CONVERSION = YES;
				CLANG_WARN_INFINITE_RECURSION = YES;
				CLANG_WARN_INT_CONVERSION = YES;
				CLANG_WARN_NON_LITERAL_NULL_CONVERSION = YES;
				CLANG_WARN_OBJC_IMPLICIT_RETAIN_SELF = YES;
				CLANG_WARN_OBJC_LITERAL_CONVERSION = YES;
				CLANG_WARN_OBJC_ROOT_CLASS = YES_ERROR;
				CLANG_WARN_QUOTED_INCLUDE_IN_FRAMEWORK_HEADER = YES;
				CLANG_WARN_RANGE_LOOP_ANALYSIS = YES;
				CLANG_WARN_STRICT_PROTOTYPES = YES;
				CLANG_WARN_SUSPICIOUS_MOVE = YES;
				CLANG_WARN_UNGUARDED_AVAILABILITY = YES_AGGRESSIVE;
				CLANG_WARN_UNREACHABLE_CODE = YES;
				CLANG_WARN__DUPLICATE_METHOD_MATCH = YES;
				COPY_PHASE_STRIP = NO;
				DEBUG_INFORMATION_FORMAT = "dwarf-with-dsym";
				ENABLE_NS_ASSERTIONS = NO;
				ENABLE_STRICT_OBJC_MSGSEND = YES;
				GCC_C_LANGUAGE_STANDARD = gnu11;
				GCC_NO_COMMON_BLOCKS = YES;
				GCC_WARN_64_TO_32_BIT_CONVERSION = YES;
				GCC_WARN_ABOUT_RETURN_TYPE = YES_ERROR;
				GCC_WARN_UNDECLARED_SELECTOR = YES;
				GCC_WARN_UNINITIALIZED_AUTOS = YES_AGGRESSIVE;
				GCC_WARN_UNUSED_FUNCTION = YES;
				GCC_WARN_UNUSED_VARIABLE = YES;
				INFOPLIST_FILE = "";
				IPHONEOS_DEPLOYMENT_TARGET = 15.0;
				MTL_ENABLE_DEBUG_INFO = NO;
				MTL_FAST_MATH = YES;
				SDKROOT = iphoneos;
				SWIFT_COMPILATION_MODE = wholemodule;
				SWIFT_OPTIMIZATION_LEVEL = "-O";
				VALIDATE_PRODUCT = YES;
			};
			name = Release;
		};
		25F7FDF3291931E400E0C486 /* Debug */ = {
			isa = XCBuildConfiguration;
			buildSettings = {
				ASSETCATALOG_COMPILER_APPICON_NAME = AppIcon;
				ASSETCATALOG_COMPILER_GLOBAL_ACCENT_COLOR_NAME = AccentColor;
				CODE_SIGN_ENTITLEMENTS = SeSAC_StudyApp/SeSAC_StudyApp.entitlements;
				CODE_SIGN_STYLE = Automatic;
				CURRENT_PROJECT_VERSION = 1;
				DEVELOPMENT_TEAM = RFHV927M8S;
				GENERATE_INFOPLIST_FILE = YES;
				INFOPLIST_FILE = SeSAC_StudyApp/Resource/Info.plist;
				INFOPLIST_KEY_CFBundleDisplayName = "새싹스터디";
				INFOPLIST_KEY_UIApplicationSupportsIndirectInputEvents = YES;
				INFOPLIST_KEY_UILaunchStoryboardName = LaunchScreen;
				INFOPLIST_KEY_UIMainStoryboardFile = Main;
				INFOPLIST_KEY_UISupportedInterfaceOrientations = UIInterfaceOrientationPortrait;
				INFOPLIST_KEY_UISupportedInterfaceOrientations_iPad = "UIInterfaceOrientationLandscapeLeft UIInterfaceOrientationLandscapeRight UIInterfaceOrientationPortrait UIInterfaceOrientationPortraitUpsideDown";
				LD_RUNPATH_SEARCH_PATHS = (
					"$(inherited)",
					"@executable_path/Frameworks",
				);
				MARKETING_VERSION = 1.0;
				PRODUCT_BUNDLE_IDENTIFIER = com.memolease.sesacslp;
				PRODUCT_NAME = "$(TARGET_NAME)";
				SUPPORTED_PLATFORMS = "iphoneos iphonesimulator";
				SUPPORTS_MACCATALYST = NO;
				SUPPORTS_MAC_DESIGNED_FOR_IPHONE_IPAD = NO;
				SWIFT_EMIT_LOC_STRINGS = YES;
				SWIFT_VERSION = 5.0;
				TARGETED_DEVICE_FAMILY = 1;
			};
			name = Debug;
		};
		25F7FDF4291931E400E0C486 /* Release */ = {
			isa = XCBuildConfiguration;
			buildSettings = {
				ASSETCATALOG_COMPILER_APPICON_NAME = AppIcon;
				ASSETCATALOG_COMPILER_GLOBAL_ACCENT_COLOR_NAME = AccentColor;
				CODE_SIGN_ENTITLEMENTS = SeSAC_StudyApp/SeSAC_StudyApp.entitlements;
				CODE_SIGN_STYLE = Automatic;
				CURRENT_PROJECT_VERSION = 1;
				DEVELOPMENT_TEAM = RFHV927M8S;
				GENERATE_INFOPLIST_FILE = YES;
				INFOPLIST_FILE = SeSAC_StudyApp/Resource/Info.plist;
				INFOPLIST_KEY_CFBundleDisplayName = "새싹스터디";
				INFOPLIST_KEY_UIApplicationSupportsIndirectInputEvents = YES;
				INFOPLIST_KEY_UILaunchStoryboardName = LaunchScreen;
				INFOPLIST_KEY_UIMainStoryboardFile = Main;
				INFOPLIST_KEY_UISupportedInterfaceOrientations = UIInterfaceOrientationPortrait;
				INFOPLIST_KEY_UISupportedInterfaceOrientations_iPad = "UIInterfaceOrientationLandscapeLeft UIInterfaceOrientationLandscapeRight UIInterfaceOrientationPortrait UIInterfaceOrientationPortraitUpsideDown";
				LD_RUNPATH_SEARCH_PATHS = (
					"$(inherited)",
					"@executable_path/Frameworks",
				);
				MARKETING_VERSION = 1.0;
				PRODUCT_BUNDLE_IDENTIFIER = com.memolease.sesacslp;
				PRODUCT_NAME = "$(TARGET_NAME)";
				SUPPORTED_PLATFORMS = "iphoneos iphonesimulator";
				SUPPORTS_MACCATALYST = NO;
				SUPPORTS_MAC_DESIGNED_FOR_IPHONE_IPAD = NO;
				SWIFT_EMIT_LOC_STRINGS = YES;
				SWIFT_VERSION = 5.0;
				TARGETED_DEVICE_FAMILY = 1;
			};
			name = Release;
		};
/* End XCBuildConfiguration section */

/* Begin XCConfigurationList section */
		25F7FDD9291931E100E0C486 /* Build configuration list for PBXProject "SeSAC_StudyApp" */ = {
			isa = XCConfigurationList;
			buildConfigurations = (
				25F7FDF0291931E400E0C486 /* Debug */,
				25F7FDF1291931E400E0C486 /* Release */,
			);
			defaultConfigurationIsVisible = 0;
			defaultConfigurationName = Release;
		};
		25F7FDF2291931E400E0C486 /* Build configuration list for PBXNativeTarget "SeSAC_StudyApp" */ = {
			isa = XCConfigurationList;
			buildConfigurations = (
				25F7FDF3291931E400E0C486 /* Debug */,
				25F7FDF4291931E400E0C486 /* Release */,
			);
			defaultConfigurationIsVisible = 0;
			defaultConfigurationName = Release;
		};
/* End XCConfigurationList section */

/* Begin XCRemoteSwiftPackageReference section */
		254627E9291A8E47004D4B72 /* XCRemoteSwiftPackageReference "firebase-ios-sdk" */ = {
			isa = XCRemoteSwiftPackageReference;
			repositoryURL = "https://github.com/firebase/firebase-ios-sdk";
			requirement = {
				kind = upToNextMajorVersion;
				minimumVersion = 9.0.0;
			};
		};
		255A3789291AAF9900737C3A /* XCRemoteSwiftPackageReference "Toast-Swift" */ = {
			isa = XCRemoteSwiftPackageReference;
			repositoryURL = "https://github.com/scalessec/Toast-Swift.git";
			requirement = {
				kind = upToNextMajorVersion;
				minimumVersion = 5.0.0;
			};
		};
		257E2641292401AF0039B0A0 /* XCRemoteSwiftPackageReference "MultiSlider" */ = {
			isa = XCRemoteSwiftPackageReference;
			repositoryURL = "https://github.com/yonat/MultiSlider.git";
			requirement = {
				kind = upToNextMajorVersion;
				minimumVersion = 1.0.0;
			};
		};
		25D8C3A1291D4C6F00FB52DF /* XCRemoteSwiftPackageReference "RxDataSources" */ = {
			isa = XCRemoteSwiftPackageReference;
			repositoryURL = "https://github.com/RxSwiftCommunity/RxDataSources.git";
			requirement = {
				kind = upToNextMajorVersion;
				minimumVersion = 5.0.0;
			};
		};
		25F7FE0C29193DA900E0C486 /* XCRemoteSwiftPackageReference "Alamofire" */ = {
			isa = XCRemoteSwiftPackageReference;
			repositoryURL = "https://github.com/Alamofire/Alamofire.git";
			requirement = {
				kind = upToNextMajorVersion;
				minimumVersion = 5.0.0;
			};
		};
		25F7FE0F29193DC100E0C486 /* XCRemoteSwiftPackageReference "RxSwift" */ = {
			isa = XCRemoteSwiftPackageReference;
			repositoryURL = "https://github.com/ReactiveX/RxSwift.git";
			requirement = {
				kind = upToNextMajorVersion;
				minimumVersion = 6.0.0;
			};
		};
		25F7FE1629193DD000E0C486 /* XCRemoteSwiftPackageReference "SnapKit" */ = {
			isa = XCRemoteSwiftPackageReference;
			repositoryURL = "https://github.com/SnapKit/SnapKit.git";
			requirement = {
				kind = upToNextMajorVersion;
				minimumVersion = 5.0.0;
			};
		};
		25F7FE1929193DDC00E0C486 /* XCRemoteSwiftPackageReference "Then" */ = {
			isa = XCRemoteSwiftPackageReference;
			repositoryURL = "https://github.com/devxoul/Then.git";
			requirement = {
				kind = upToNextMajorVersion;
				minimumVersion = 3.0.0;
			};
		};
/* End XCRemoteSwiftPackageReference section */

/* Begin XCSwiftPackageProductDependency section */
		254627EA291A8E47004D4B72 /* FirebaseAnalyticsWithoutAdIdSupport */ = {
			isa = XCSwiftPackageProductDependency;
			package = 254627E9291A8E47004D4B72 /* XCRemoteSwiftPackageReference "firebase-ios-sdk" */;
			productName = FirebaseAnalyticsWithoutAdIdSupport;
		};
		254627EC291A8E47004D4B72 /* FirebaseAuth */ = {
			isa = XCSwiftPackageProductDependency;
			package = 254627E9291A8E47004D4B72 /* XCRemoteSwiftPackageReference "firebase-ios-sdk" */;
			productName = FirebaseAuth;
		};
		254627EE291A8E47004D4B72 /* FirebaseDatabase */ = {
			isa = XCSwiftPackageProductDependency;
			package = 254627E9291A8E47004D4B72 /* XCRemoteSwiftPackageReference "firebase-ios-sdk" */;
			productName = FirebaseDatabase;
		};
		254627F0291A8E47004D4B72 /* FirebaseMessaging */ = {
			isa = XCSwiftPackageProductDependency;
			package = 254627E9291A8E47004D4B72 /* XCRemoteSwiftPackageReference "firebase-ios-sdk" */;
			productName = FirebaseMessaging;
		};
		255A378A291AAF9A00737C3A /* Toast */ = {
			isa = XCSwiftPackageProductDependency;
			package = 255A3789291AAF9900737C3A /* XCRemoteSwiftPackageReference "Toast-Swift" */;
			productName = Toast;
		};
		257E2642292401AF0039B0A0 /* MultiSlider */ = {
			isa = XCSwiftPackageProductDependency;
			package = 257E2641292401AF0039B0A0 /* XCRemoteSwiftPackageReference "MultiSlider" */;
			productName = MultiSlider;
		};
		25D8C3A2291D4C6F00FB52DF /* RxDataSources */ = {
			isa = XCSwiftPackageProductDependency;
			package = 25D8C3A1291D4C6F00FB52DF /* XCRemoteSwiftPackageReference "RxDataSources" */;
			productName = RxDataSources;
		};
		25F7FE0D29193DA900E0C486 /* Alamofire */ = {
			isa = XCSwiftPackageProductDependency;
			package = 25F7FE0C29193DA900E0C486 /* XCRemoteSwiftPackageReference "Alamofire" */;
			productName = Alamofire;
		};
		25F7FE1029193DC100E0C486 /* RxCocoa */ = {
			isa = XCSwiftPackageProductDependency;
			package = 25F7FE0F29193DC100E0C486 /* XCRemoteSwiftPackageReference "RxSwift" */;
			productName = RxCocoa;
		};
		25F7FE1229193DC100E0C486 /* RxRelay */ = {
			isa = XCSwiftPackageProductDependency;
			package = 25F7FE0F29193DC100E0C486 /* XCRemoteSwiftPackageReference "RxSwift" */;
			productName = RxRelay;
		};
		25F7FE1429193DC100E0C486 /* RxSwift */ = {
			isa = XCSwiftPackageProductDependency;
			package = 25F7FE0F29193DC100E0C486 /* XCRemoteSwiftPackageReference "RxSwift" */;
			productName = RxSwift;
		};
		25F7FE1729193DD000E0C486 /* SnapKit */ = {
			isa = XCSwiftPackageProductDependency;
			package = 25F7FE1629193DD000E0C486 /* XCRemoteSwiftPackageReference "SnapKit" */;
			productName = SnapKit;
		};
		25F7FE1A29193DDC00E0C486 /* Then */ = {
			isa = XCSwiftPackageProductDependency;
			package = 25F7FE1929193DDC00E0C486 /* XCRemoteSwiftPackageReference "Then" */;
			productName = Then;
		};
/* End XCSwiftPackageProductDependency section */
	};
	rootObject = 25F7FDD6291931E100E0C486 /* Project object */;
}
